
Microsoft Visual Studio Solution File, Format Version 12.00
# Visual Studio Version 17
VisualStudioVersion = 17.7.34202.233
MinimumVisualStudioVersion = 10.0.40219.1
Project("{FAE04EC0-301F-11D3-BF4B-00C04F79EFBC}") = "EKArtDAL", "EKArtDAL\EKArtDAL.csproj", "{0A83638A-FE84-4212-A8E2-6D536C6ADDE5}"
EndProject
Project("{FAE04EC0-301F-11D3-BF4B-00C04F79EFBC}") = "EKart-consoleApp", "EKart-consoleApp\EKart-consoleApp.csproj", "{5577EE43-D77F-42AF-A276-6F1BCAB408B8}"
EndProject
Global
	GlobalSection(SolutionConfigurationPlatforms) = preSolution
		Debug|Any CPU = Debug|Any CPU
		Release|Any CPU = Release|Any CPU
	EndGlobalSection
	GlobalSection(ProjectConfigurationPlatforms) = postSolution
		{0A83638A-FE84-4212-A8E2-6D536C6ADDE5}.Debug|Any CPU.ActiveCfg = Debug|Any CPU
		{0A83638A-FE84-4212-A8E2-6D536C6ADDE5}.Debug|Any CPU.Build.0 = Debug|Any CPU
		{0A83638A-FE84-4212-A8E2-6D536C6ADDE5}.Release|Any CPU.ActiveCfg = Release|Any CPU
		{0A83638A-FE84-4212-A8E2-6D536C6ADDE5}.Release|Any CPU.Build.0 = Release|Any CPU
		{5577EE43-D77F-42AF-A276-6F1BCAB408B8}.Debug|Any CPU.ActiveCfg = Debug|Any CPU
		{5577EE43-D77F-42AF-A276-6F1BCAB408B8}.Debug|Any CPU.Build.0 = Debug|Any CPU
		{5577EE43-D77F-42AF-A276-6F1BCAB408B8}.Release|Any CPU.ActiveCfg = Release|Any CPU
		{5577EE43-D77F-42AF-A276-6F1BCAB408B8}.Release|Any CPU.Build.0 = Release|Any CPU
	EndGlobalSection
	GlobalSection(SolutionProperties) = preSolution
		HideSolutionNode = FALSE
	EndGlobalSection
	GlobalSection(ExtensibilityGlobals) = postSolution
		SolutionGuid = {E4FD98EF-8696-47A9-A75C-713B447F885E}
	EndGlobalSection
EndGlobal
